{
  "version": 4,
  "terraform_version": "1.3.6",
  "serial": 50,
  "lineage": "4156d4fe-d990-d06f-e6ed-243d19fc90cd",
  "outputs": {},
  "resources": [
    {
      "mode": "data",
      "type": "google_compute_image",
      "name": "centos_7",
      "provider": "provider[\"registry.terraform.io/hashicorp/google\"]",
      "instances": [
        {
          "schema_version": 0,
          "attributes": {
            "archive_size_bytes": 3031386240,
            "creation_timestamp": "2022-12-06T13:36:13.548-08:00",
            "description": "CentOS, CentOS, 7, x86_64 built on 20221206, supports Shielded VM features",
            "disk_size_gb": 20,
            "family": "centos-7",
            "filter": null,
            "id": "projects/centos-cloud/global/images/centos-7-v20221206",
            "image_encryption_key_sha256": "",
            "image_id": "1351628264218692386",
            "label_fingerprint": "42WmSpB8rSM=",
            "labels": {},
            "licenses": [
              "https://www.googleapis.com/compute/v1/projects/centos-cloud/global/licenses/centos-7"
            ],
            "name": "centos-7-v20221206",
            "project": "centos-cloud",
            "self_link": "https://www.googleapis.com/compute/v1/projects/centos-cloud/global/images/centos-7-v20221206",
            "source_disk": "",
            "source_disk_encryption_key_sha256": "",
            "source_disk_id": "",
            "source_image_id": "",
            "status": "READY"
          },
          "sensitive_attributes": []
        }
      ]
    },
    {
      "mode": "managed",
      "type": "google_compute_autoscaler",
      "name": "team3",
      "provider": "provider[\"registry.terraform.io/hashicorp/google\"]",
      "instances": [
        {
          "schema_version": 0,
          "attributes": {
            "autoscaling_policy": [
              {
                "cooldown_period": 60,
                "cpu_utilization": [
                  {
                    "predictive_method": "NONE",
                    "target": 0.6
                  }
                ],
                "load_balancing_utilization": [],
                "max_replicas": 5,
                "metric": [],
                "min_replicas": 1,
                "mode": "ON",
                "scale_in_control": [],
                "scaling_schedules": []
              }
            ],
            "creation_timestamp": "2022-12-12T21:40:27.925-08:00",
            "description": "",
            "id": "projects/cognigy-ops/zones/us-west4-b/autoscalers/my-autoscaler-team3",
            "name": "my-autoscaler-team3",
            "project": "cognigy-ops",
            "self_link": "https://www.googleapis.com/compute/v1/projects/cognigy-ops/zones/us-west4-b/autoscalers/my-autoscaler-team3",
            "target": "https://www.googleapis.com/compute/v1/projects/cognigy-ops/zones/us-west4-b/instanceGroupManagers/my-igm",
            "timeouts": null,
            "zone": "https://www.googleapis.com/compute/v1/projects/cognigy-ops/zones/us-west4-b"
          },
          "sensitive_attributes": [],
          "private": "eyJlMmJmYjczMC1lY2FhLTExZTYtOGY4OC0zNDM2M2JjN2M0YzAiOnsiY3JlYXRlIjoxMjAwMDAwMDAwMDAwLCJkZWxldGUiOjEyMDAwMDAwMDAwMDAsInVwZGF0ZSI6MTIwMDAwMDAwMDAwMH19",
          "dependencies": [
            "data.google_compute_image.centos_7",
            "google_compute_instance_group_manager.my-igm",
            "google_compute_instance_template.compute-engine",
            "google_compute_network.vpc-network-team3",
            "google_compute_target_pool.team3",
            "google_sql_database.database",
            "google_sql_database_instance.database",
            "google_sql_user.users"
          ]
        }
      ]
    },
    {
      "mode": "managed",
      "type": "google_compute_firewall",
      "name": "allow-traffic",
      "provider": "provider[\"registry.terraform.io/hashicorp/google\"]",
      "instances": [
        {
          "schema_version": 1,
          "attributes": {
            "allow": [
              {
                "ports": [
                  "80",
                  "443",
                  "22",
                  "3306"
                ],
                "protocol": "tcp"
              },
              {
                "ports": [],
                "protocol": "icmp"
              }
            ],
            "creation_timestamp": "2022-12-12T21:25:57.756-08:00",
            "deny": [],
            "description": "",
            "destination_ranges": [],
            "direction": "INGRESS",
            "disabled": false,
            "enable_logging": null,
            "id": "projects/cognigy-ops/global/firewalls/test-firewall",
            "log_config": [],
            "name": "test-firewall",
            "network": "https://www.googleapis.com/compute/v1/projects/cognigy-ops/global/networks/vpc-network-team",
            "priority": 1000,
            "project": "cognigy-ops",
            "self_link": "https://www.googleapis.com/compute/v1/projects/cognigy-ops/global/firewalls/test-firewall",
            "source_ranges": [
              "0.0.0.0/0",
              "117.216.167.245"
            ],
            "source_service_accounts": null,
            "source_tags": [
              "wordpress-firewall"
            ],
            "target_service_accounts": null,
            "target_tags": null,
            "timeouts": null
          },
          "sensitive_attributes": [],
          "private": "eyJlMmJmYjczMC1lY2FhLTExZTYtOGY4OC0zNDM2M2JjN2M0YzAiOnsiY3JlYXRlIjoxMjAwMDAwMDAwMDAwLCJkZWxldGUiOjEyMDAwMDAwMDAwMDAsInVwZGF0ZSI6MTIwMDAwMDAwMDAwMH0sInNjaGVtYV92ZXJzaW9uIjoiMSJ9",
          "dependencies": [
            "google_compute_network.vpc-network-team3"
          ]
        }
      ]
    },
    {
      "mode": "managed",
      "type": "google_compute_instance_group_manager",
      "name": "my-igm",
      "provider": "provider[\"registry.terraform.io/hashicorp/google\"]",
      "instances": [
        {
          "schema_version": 0,
          "attributes": {
            "auto_healing_policies": [],
            "base_instance_name": "team3",
            "description": "",
            "fingerprint": "G-tQUIhJEzg=",
            "id": "projects/cognigy-ops/zones/us-west4-b/instanceGroupManagers/my-igm",
            "instance_group": "https://www.googleapis.com/compute/v1/projects/cognigy-ops/zones/us-west4-b/instanceGroups/my-igm",
            "name": "my-igm",
            "named_port": [],
            "operation": null,
            "project": "cognigy-ops",
            "self_link": "https://www.googleapis.com/compute/v1/projects/cognigy-ops/zones/us-west4-b/instanceGroupManagers/my-igm",
            "stateful_disk": [],
            "status": [
              {
                "is_stable": true,
                "stateful": [
                  {
                    "has_stateful_config": false,
                    "per_instance_configs": [
                      {
                        "all_effective": true
                      }
                    ]
                  }
                ],
                "version_target": [
                  {
                    "is_reached": true
                  }
                ]
              }
            ],
            "target_pools": [
              "https://www.googleapis.com/compute/v1/projects/cognigy-ops/regions/us-west4/targetPools/my-target-pool"
            ],
            "target_size": 0,
            "timeouts": null,
            "update_policy": [
              {
                "max_surge_fixed": 1,
                "max_surge_percent": 0,
                "max_unavailable_fixed": 1,
                "max_unavailable_percent": 0,
                "minimal_action": "REPLACE",
                "most_disruptive_allowed_action": "",
                "replacement_method": "SUBSTITUTE",
                "type": "OPPORTUNISTIC"
              }
            ],
            "version": [
              {
                "instance_template": "https://www.googleapis.com/compute/v1/projects/cognigy-ops/global/instanceTemplates/my-instance-template",
                "name": "primary",
                "target_size": []
              }
            ],
            "wait_for_instances": false,
            "wait_for_instances_status": "STABLE",
            "zone": "us-west4-b"
          },
          "sensitive_attributes": [],
          "private": "eyJlMmJmYjczMC1lY2FhLTExZTYtOGY4OC0zNDM2M2JjN2M0YzAiOnsiY3JlYXRlIjo5MDAwMDAwMDAwMDAsImRlbGV0ZSI6OTAwMDAwMDAwMDAwLCJ1cGRhdGUiOjkwMDAwMDAwMDAwMH19",
          "dependencies": [
            "data.google_compute_image.centos_7",
            "google_compute_instance_template.compute-engine",
            "google_compute_network.vpc-network-team3",
            "google_compute_target_pool.team3",
            "google_sql_database.database",
            "google_sql_database_instance.database",
            "google_sql_user.users"
          ]
        }
      ]
    },
    {
      "mode": "managed",
      "type": "google_compute_instance_template",
      "name": "compute-engine",
      "provider": "provider[\"registry.terraform.io/hashicorp/google\"]",
      "instances": [
        {
          "schema_version": 1,
          "attributes": {
            "advanced_machine_features": [],
            "can_ip_forward": false,
            "confidential_instance_config": null,
            "description": "",
            "disk": [
              {
                "auto_delete": true,
                "boot": true,
                "device_name": "persistent-disk-0",
                "disk_encryption_key": [],
                "disk_name": "",
                "disk_size_gb": 0,
                "disk_type": "pd-standard",
                "interface": "SCSI",
                "labels": null,
                "mode": "READ_WRITE",
                "resource_policies": null,
                "source": "",
                "source_image": "projects/centos-cloud/global/images/centos-7-v20221206",
                "type": "PERSISTENT"
              }
            ],
            "guest_accelerator": [],
            "id": "projects/cognigy-ops/global/instanceTemplates/my-instance-template",
            "instance_description": "",
            "labels": null,
            "machine_type": "e2-small",
            "metadata": null,
            "metadata_fingerprint": "jYC8OPK5wQI=",
            "metadata_startup_script": "    yum install httpd wget unzip epel-release mysql -y\n    yum -y install http://rpms.remirepo.net/enterprise/remi-release-7.rpm\n    yum -y install https://dl.fedoraproject.org/pub/epel/epel-release-latest-7.noarch.rpm\n    yum -y install yum-utils\n    yum-config-manager --enable remi-php56   [Install PHP 5.6]\n    yum -y install php php-mcrypt php-cli php-gd php-curl php-mysql php-ldap php-zip php-fileinfo\n    wget https://wordpress.org/latest.tar.gz\n    tar -xf latest.tar.gz -C /var/www/html/\n    mv /var/www/html/wordpress/* /var/www/html/\n    cp /var/www/html/wp-config-sample.php /var/www/html/wp-config.php\n    chmod 666 /var/www/html/wp-config.php\n    sed 's/'database_name_here'/'random'/g' /var/www/html/wp-config.php -i\n    sed 's/'username_here'/'pedrobalza'/g' /var/www/html/wp-config.php -i\n    sed 's/'password_here'/'admin'/g' /var/www/html/wp-config.php -i\n    sed 's/'localhost'/'34.125.145.152'/g' /var/www/html/wp-config.php -i\n    sed 's/SELINUX=permissive/SELINUX=enforcing/g' /etc/sysconfig/selinux -i\n    getenforce\n    setenforce 0\n    chown -R apache:apache /var/www/html/\n    systemctl start httpd\n    systemctl enable httpd\n",
            "min_cpu_platform": "",
            "name": "my-instance-template",
            "name_prefix": null,
            "network_interface": [
              {
                "access_config": [
                  {
                    "nat_ip": "",
                    "network_tier": "PREMIUM",
                    "public_ptr_domain_name": ""
                  }
                ],
                "alias_ip_range": [],
                "ipv6_access_config": [],
                "ipv6_access_type": "",
                "name": "nic0",
                "network": "https://www.googleapis.com/compute/v1/projects/cognigy-ops/global/networks/vpc-network-team",
                "network_ip": "",
                "nic_type": "",
                "queue_count": 0,
                "stack_type": "",
                "subnetwork": "",
                "subnetwork_project": ""
              }
            ],
            "project": "cognigy-ops",
            "region": null,
            "reservation_affinity": [],
            "scheduling": [
              {
                "automatic_restart": true,
                "instance_termination_action": "",
                "min_node_cpus": 0,
                "node_affinities": [],
                "on_host_maintenance": "MIGRATE",
                "preemptible": false,
                "provisioning_model": "STANDARD"
              }
            ],
            "self_link": "https://www.googleapis.com/compute/v1/projects/cognigy-ops/global/instanceTemplates/my-instance-template",
            "service_account": [],
            "shielded_instance_config": [],
            "tags": [
              "wordpress-firewall"
            ],
            "tags_fingerprint": "",
            "timeouts": null
          },
          "sensitive_attributes": [],
          "private": "eyJlMmJmYjczMC1lY2FhLTExZTYtOGY4OC0zNDM2M2JjN2M0YzAiOnsiY3JlYXRlIjoyNDAwMDAwMDAwMDAsImRlbGV0ZSI6MjQwMDAwMDAwMDAwfSwic2NoZW1hX3ZlcnNpb24iOiIxIn0=",
          "dependencies": [
            "data.google_compute_image.centos_7",
            "google_compute_network.vpc-network-team3",
            "google_sql_database.database",
            "google_sql_database_instance.database",
            "google_sql_user.users"
          ]
        }
      ]
    },
    {
      "mode": "managed",
      "type": "google_compute_network",
      "name": "vpc-network-team3",
      "provider": "provider[\"registry.terraform.io/hashicorp/google\"]",
      "instances": [
        {
          "schema_version": 0,
          "attributes": {
            "auto_create_subnetworks": true,
            "delete_default_routes_on_create": false,
            "description": "",
            "enable_ula_internal_ipv6": false,
            "gateway_ipv4": "",
            "id": "projects/cognigy-ops/global/networks/vpc-network-team",
            "internal_ipv6_range": "",
            "mtu": 0,
            "name": "vpc-network-team",
            "project": "cognigy-ops",
            "routing_mode": "GLOBAL",
            "self_link": "https://www.googleapis.com/compute/v1/projects/cognigy-ops/global/networks/vpc-network-team",
            "timeouts": null
          },
          "sensitive_attributes": [],
          "private": "eyJlMmJmYjczMC1lY2FhLTExZTYtOGY4OC0zNDM2M2JjN2M0YzAiOnsiY3JlYXRlIjoxMjAwMDAwMDAwMDAwLCJkZWxldGUiOjEyMDAwMDAwMDAwMDAsInVwZGF0ZSI6MTIwMDAwMDAwMDAwMH19"
        }
      ]
    },
    {
      "mode": "managed",
      "type": "google_compute_target_pool",
      "name": "team3",
      "provider": "provider[\"registry.terraform.io/hashicorp/google\"]",
      "instances": [
        {
          "schema_version": 0,
          "attributes": {
            "backup_pool": "",
            "description": "",
            "failover_ratio": 0,
            "health_checks": null,
            "id": "projects/cognigy-ops/regions/us-west4/targetPools/my-target-pool",
            "instances": [],
            "name": "my-target-pool",
            "project": "cognigy-ops",
            "region": "us-west4",
            "self_link": "https://www.googleapis.com/compute/v1/projects/cognigy-ops/regions/us-west4/targetPools/my-target-pool",
            "session_affinity": "NONE",
            "timeouts": null
          },
          "sensitive_attributes": [],
          "private": "eyJlMmJmYjczMC1lY2FhLTExZTYtOGY4OC0zNDM2M2JjN2M0YzAiOnsiY3JlYXRlIjoyNDAwMDAwMDAwMDAsImRlbGV0ZSI6MjQwMDAwMDAwMDAwLCJ1cGRhdGUiOjI0MDAwMDAwMDAwMH19"
        }
      ]
    },
    {
      "mode": "managed",
      "type": "google_sql_database",
      "name": "database",
      "provider": "provider[\"registry.terraform.io/hashicorp/google\"]",
      "instances": [
        {
          "schema_version": 0,
          "attributes": {
            "charset": "utf8",
            "collation": "utf8_general_ci",
            "id": "projects/cognigy-ops/instances/gcpcloud/databases/random",
            "instance": "gcpcloud",
            "name": "random",
            "project": "cognigy-ops",
            "self_link": "https://sqladmin.googleapis.com/sql/v1beta4/projects/cognigy-ops/instances/gcpcloud/databases/random",
            "timeouts": null
          },
          "sensitive_attributes": [],
          "private": "eyJlMmJmYjczMC1lY2FhLTExZTYtOGY4OC0zNDM2M2JjN2M0YzAiOnsiY3JlYXRlIjoxMjAwMDAwMDAwMDAwLCJkZWxldGUiOjEyMDAwMDAwMDAwMDAsInVwZGF0ZSI6MTIwMDAwMDAwMDAwMH19",
          "dependencies": [
            "google_sql_database_instance.database"
          ]
        }
      ]
    },
    {
      "mode": "managed",
      "type": "google_sql_database_instance",
      "name": "database",
      "provider": "provider[\"registry.terraform.io/hashicorp/google\"]",
      "instances": [
        {
          "schema_version": 0,
          "attributes": {
            "clone": [],
            "connection_name": "cognigy-ops:us-west4:gcpcloud",
            "database_version": "MYSQL_5_6",
            "deletion_protection": false,
            "encryption_key_name": null,
            "first_ip_address": "34.125.145.152",
            "id": "gcpcloud",
            "ip_address": [
              {
                "ip_address": "34.125.145.152",
                "time_to_retire": "",
                "type": "PRIMARY"
              }
            ],
            "master_instance_name": "",
            "name": "gcpcloud",
            "private_ip_address": "",
            "project": "cognigy-ops",
            "public_ip_address": "34.125.145.152",
            "region": "us-west4",
            "replica_configuration": [],
            "restore_backup_context": [],
            "root_password": "admin",
            "self_link": "https://sqladmin.googleapis.com/sql/v1beta4/projects/cognigy-ops/instances/gcpcloud",
            "server_ca_cert": [
              {
                "cert": "-----BEGIN CERTIFICATE-----\nMIIDfzCCAmegAwIBAgIBADANBgkqhkiG9w0BAQsFADB3MS0wKwYDVQQuEyQ2MTRj\nZWZiMC1jNDdlLTQ5NmMtYTk1OS02NGZlZjg2ZGRkMmExIzAhBgNVBAMTGkdvb2ds\nZSBDbG91ZCBTUUwgU2VydmVyIENBMRQwEgYDVQQKEwtHb29nbGUsIEluYzELMAkG\nA1UEBhMCVVMwHhcNMjIxMjEzMDUyNTM3WhcNMzIxMjEwMDUyNjM3WjB3MS0wKwYD\nVQQuEyQ2MTRjZWZiMC1jNDdlLTQ5NmMtYTk1OS02NGZlZjg2ZGRkMmExIzAhBgNV\nBAMTGkdvb2dsZSBDbG91ZCBTUUwgU2VydmVyIENBMRQwEgYDVQQKEwtHb29nbGUs\nIEluYzELMAkGA1UEBhMCVVMwggEiMA0GCSqGSIb3DQEBAQUAA4IBDwAwggEKAoIB\nAQCSbvTvSLRSC0pHs3MdqzQWP+Gb0ompsyqNa0nbTRw0Cgctcgu+fV9ekkyRxrbE\n+/pbaqqRNPE76hML9vkONdaFFshwndcCO9LBo6p3/SEQ67yNTUCy43CwfgSmQ2CK\ndwSjV4aLndwisgt2uRADg4M++TEjtMH4pklpqbip2QKdp3eOG7rgUEwbeJKQzHK6\nQ6Xtb1tudetU6jou1SanG3z/osd+exN59uF1zqftnjvSWlCaTDHvEgN3mae0QQdQ\n6gFVumEPj+nOFYqfjP/jZjU02XP+Fcw1aXIuMtZ4Ts4fRu/vt8czpgku9fWrxUwM\nofYKoeKVe933EXdve2vcZ1gvAgMBAAGjFjAUMBIGA1UdEwEB/wQIMAYBAf8CAQAw\nDQYJKoZIhvcNAQELBQADggEBAGtZaxwrT43xiwo/MyrnwQ5t1l+3Ejx6VjVYAcyT\n5eJlXakp1t1O2vJkMcNE+eUNCOTnGtHlYvY7JBnL+SO/LoB0TyDtuVRBuTcQ9Jge\n0P9/2zdyzyPpRjJcaRiXEKDceeBqJ93BmVTI68Dp3gEhUsNAetycTe7VUFtt7uSn\nRvurfkq657nZ3d7JfQDEX+FglXQT4pD81ZbwrJSg1dMya6z6+M0SQpsHahKj0B1o\ndeK4wNVp0bWyC2aPKwASxlxAkoRbWFWR1UusHF4JWBvAfoaEnhubvTpC6bNzSzAy\nZHlZoMwR8aiQ859dUG79F3XVW8gksVRy5ic6Nc/AGOfa75w=\n-----END CERTIFICATE-----",
                "common_name": "C=US,O=Google\\, Inc,CN=Google Cloud SQL Server CA,dnQualifier=614cefb0-c47e-496c-a959-64fef86ddd2a",
                "create_time": "2022-12-13T05:25:37.618Z",
                "expiration_time": "2032-12-10T05:26:37.618Z",
                "sha1_fingerprint": "9d0d8196691d8e1fc8e13af57c608599635347f4"
              }
            ],
            "service_account_email_address": "p505093919374-b2ajz5@gcp-sa-cloud-sql.iam.gserviceaccount.com",
            "settings": [
              {
                "activation_policy": "ALWAYS",
                "active_directory_config": [],
                "availability_type": "ZONAL",
                "backup_configuration": [
                  {
                    "backup_retention_settings": [
                      {
                        "retained_backups": 7,
                        "retention_unit": "COUNT"
                      }
                    ],
                    "binary_log_enabled": false,
                    "enabled": false,
                    "location": "",
                    "point_in_time_recovery_enabled": false,
                    "start_time": "02:00",
                    "transaction_log_retention_days": 7
                  }
                ],
                "collation": "",
                "database_flags": [],
                "disk_autoresize": true,
                "disk_autoresize_limit": 0,
                "disk_size": 10,
                "disk_type": "PD_SSD",
                "insights_config": [],
                "ip_configuration": [
                  {
                    "allocated_ip_range": "",
                    "authorized_networks": [
                      {
                        "expiration_time": "",
                        "name": "pedrobalza",
                        "value": "0.0.0.0/0"
                      }
                    ],
                    "ipv4_enabled": true,
                    "private_network": "",
                    "require_ssl": false
                  }
                ],
                "location_preference": [
                  {
                    "follow_gae_application": "",
                    "secondary_zone": "",
                    "zone": "us-west4-a"
                  }
                ],
                "maintenance_window": [],
                "pricing_plan": "PER_USE",
                "sql_server_audit_config": [],
                "tier": "db-f1-micro",
                "user_labels": {},
                "version": 1
              }
            ],
            "timeouts": null
          },
          "sensitive_attributes": [],
          "private": "eyJlMmJmYjczMC1lY2FhLTExZTYtOGY4OC0zNDM2M2JjN2M0YzAiOnsiY3JlYXRlIjoxODAwMDAwMDAwMDAwLCJkZWxldGUiOjE4MDAwMDAwMDAwMDAsInVwZGF0ZSI6MTgwMDAwMDAwMDAwMH19"
        }
      ]
    },
    {
      "mode": "managed",
      "type": "google_sql_user",
      "name": "users",
      "provider": "provider[\"registry.terraform.io/hashicorp/google\"]",
      "instances": [
        {
          "schema_version": 1,
          "attributes": {
            "deletion_policy": null,
            "host": "%",
            "id": "pedrobalza/%/gcpcloud",
            "instance": "gcpcloud",
            "name": "pedrobalza",
            "password": "admin",
            "project": "cognigy-ops",
            "sql_server_user_details": [],
            "timeouts": null,
            "type": ""
          },
          "sensitive_attributes": [],
          "private": "eyJlMmJmYjczMC1lY2FhLTExZTYtOGY4OC0zNDM2M2JjN2M0YzAiOnsiY3JlYXRlIjo2MDAwMDAwMDAwMDAsImRlbGV0ZSI6NjAwMDAwMDAwMDAwLCJ1cGRhdGUiOjYwMDAwMDAwMDAwMH0sInNjaGVtYV92ZXJzaW9uIjoiMSJ9",
          "dependencies": [
            "google_sql_database_instance.database"
          ]
        }
      ]
    },
    {
      "module": "module.lb",
      "mode": "managed",
      "type": "google_compute_firewall",
      "name": "default-hc-fw",
      "provider": "provider[\"registry.terraform.io/hashicorp/google\"]",
      "instances": [
        {
          "index_key": 0,
          "schema_version": 1,
          "attributes": {
            "allow": [
              {
                "ports": [
                  "80"
                ],
                "protocol": "tcp"
              }
            ],
            "creation_timestamp": "2022-12-12T21:25:57.814-08:00",
            "deny": [],
            "description": "",
            "destination_ranges": [],
            "direction": "INGRESS",
            "disabled": false,
            "enable_logging": null,
            "id": "projects/cognigy-ops/global/firewalls/load-balancer-hc",
            "log_config": [],
            "name": "load-balancer-hc",
            "network": "https://www.googleapis.com/compute/v1/projects/cognigy-ops/global/networks/vpc-network-team",
            "priority": 1000,
            "project": "cognigy-ops",
            "self_link": "https://www.googleapis.com/compute/v1/projects/cognigy-ops/global/firewalls/load-balancer-hc",
            "source_ranges": [
              "209.85.152.0/22",
              "209.85.204.0/22",
              "35.191.0.0/16"
            ],
            "source_service_accounts": null,
            "source_tags": null,
            "target_service_accounts": null,
            "target_tags": [
              "my-target-pool"
            ],
            "timeouts": null
          },
          "sensitive_attributes": [],
          "private": "eyJlMmJmYjczMC1lY2FhLTExZTYtOGY4OC0zNDM2M2JjN2M0YzAiOnsiY3JlYXRlIjoxMjAwMDAwMDAwMDAwLCJkZWxldGUiOjEyMDAwMDAwMDAwMDAsInVwZGF0ZSI6MTIwMDAwMDAwMDAwMH0sInNjaGVtYV92ZXJzaW9uIjoiMSJ9",
          "dependencies": [
            "google_compute_network.vpc-network-team3"
          ]
        }
      ]
    },
    {
      "module": "module.lb",
      "mode": "managed",
      "type": "google_compute_firewall",
      "name": "default-lb-fw",
      "provider": "provider[\"registry.terraform.io/hashicorp/google\"]",
      "instances": [
        {
          "schema_version": 1,
          "attributes": {
            "allow": [
              {
                "ports": [
                  "80"
                ],
                "protocol": "tcp"
              }
            ],
            "creation_timestamp": "2022-12-12T21:25:57.335-08:00",
            "deny": [],
            "description": "",
            "destination_ranges": [],
            "direction": "INGRESS",
            "disabled": false,
            "enable_logging": null,
            "id": "projects/cognigy-ops/global/firewalls/load-balancer-vm-service",
            "log_config": [],
            "name": "load-balancer-vm-service",
            "network": "https://www.googleapis.com/compute/v1/projects/cognigy-ops/global/networks/vpc-network-team",
            "priority": 1000,
            "project": "cognigy-ops",
            "self_link": "https://www.googleapis.com/compute/v1/projects/cognigy-ops/global/firewalls/load-balancer-vm-service",
            "source_ranges": [
              "0.0.0.0/0"
            ],
            "source_service_accounts": null,
            "source_tags": null,
            "target_service_accounts": null,
            "target_tags": [
              "my-target-pool"
            ],
            "timeouts": null
          },
          "sensitive_attributes": [],
          "private": "eyJlMmJmYjczMC1lY2FhLTExZTYtOGY4OC0zNDM2M2JjN2M0YzAiOnsiY3JlYXRlIjoxMjAwMDAwMDAwMDAwLCJkZWxldGUiOjEyMDAwMDAwMDAwMDAsInVwZGF0ZSI6MTIwMDAwMDAwMDAwMH0sInNjaGVtYV92ZXJzaW9uIjoiMSJ9",
          "dependencies": [
            "google_compute_network.vpc-network-team3"
          ]
        }
      ]
    },
    {
      "module": "module.lb",
      "mode": "managed",
      "type": "google_compute_forwarding_rule",
      "name": "default",
      "provider": "provider[\"registry.terraform.io/hashicorp/google\"]",
      "instances": [
        {
          "schema_version": 0,
          "attributes": {
            "all_ports": false,
            "allow_global_access": false,
            "backend_service": "",
            "creation_timestamp": "2022-12-12T21:25:53.653-08:00",
            "description": "",
            "id": "projects/cognigy-ops/regions/us-west4/forwardingRules/load-balancer",
            "ip_address": "34.125.74.224",
            "ip_protocol": "TCP",
            "is_mirroring_collector": false,
            "label_fingerprint": "42WmSpB8rSM=",
            "labels": null,
            "load_balancing_scheme": "EXTERNAL",
            "name": "load-balancer",
            "network": "",
            "network_tier": "PREMIUM",
            "port_range": "80",
            "ports": null,
            "project": "cognigy-ops",
            "psc_connection_id": "",
            "psc_connection_status": "",
            "region": "us-west4",
            "self_link": "https://www.googleapis.com/compute/v1/projects/cognigy-ops/regions/us-west4/forwardingRules/load-balancer",
            "service_directory_registrations": [],
            "service_label": "",
            "service_name": "",
            "subnetwork": "",
            "target": "https://www.googleapis.com/compute/v1/projects/cognigy-ops/regions/us-west4/targetPools/load-balancer",
            "timeouts": null
          },
          "sensitive_attributes": [],
          "private": "eyJlMmJmYjczMC1lY2FhLTExZTYtOGY4OC0zNDM2M2JjN2M0YzAiOnsiY3JlYXRlIjoxMjAwMDAwMDAwMDAwLCJkZWxldGUiOjEyMDAwMDAwMDAwMDAsInVwZGF0ZSI6MTIwMDAwMDAwMDAwMH19",
          "dependencies": [
            "module.lb.google_compute_http_health_check.default",
            "module.lb.google_compute_target_pool.default"
          ]
        }
      ]
    },
    {
      "module": "module.lb",
      "mode": "managed",
      "type": "google_compute_http_health_check",
      "name": "default",
      "provider": "provider[\"registry.terraform.io/hashicorp/google\"]",
      "instances": [
        {
          "index_key": 0,
          "schema_version": 0,
          "attributes": {
            "check_interval_sec": 5,
            "creation_timestamp": "2022-12-12T21:25:24.316-08:00",
            "description": "",
            "healthy_threshold": 2,
            "host": "",
            "id": "projects/cognigy-ops/global/httpHealthChecks/load-balancer-hc",
            "name": "load-balancer-hc",
            "port": 80,
            "project": "cognigy-ops",
            "request_path": "/",
            "self_link": "https://www.googleapis.com/compute/v1/projects/cognigy-ops/global/httpHealthChecks/load-balancer-hc",
            "timeout_sec": 5,
            "timeouts": null,
            "unhealthy_threshold": 2
          },
          "sensitive_attributes": [],
          "private": "eyJlMmJmYjczMC1lY2FhLTExZTYtOGY4OC0zNDM2M2JjN2M0YzAiOnsiY3JlYXRlIjoxMjAwMDAwMDAwMDAwLCJkZWxldGUiOjEyMDAwMDAwMDAwMDAsInVwZGF0ZSI6MTIwMDAwMDAwMDAwMH19"
        }
      ]
    },
    {
      "module": "module.lb",
      "mode": "managed",
      "type": "google_compute_target_pool",
      "name": "default",
      "provider": "provider[\"registry.terraform.io/hashicorp/google\"]",
      "instances": [
        {
          "schema_version": 0,
          "attributes": {
            "backup_pool": "",
            "description": "",
            "failover_ratio": 0,
            "health_checks": [
              "https://www.googleapis.com/compute/v1/projects/cognigy-ops/global/httpHealthChecks/load-balancer-hc"
            ],
            "id": "projects/cognigy-ops/regions/us-west4/targetPools/load-balancer",
            "instances": [],
            "name": "load-balancer",
            "project": "cognigy-ops",
            "region": "us-west4",
            "self_link": "https://www.googleapis.com/compute/v1/projects/cognigy-ops/regions/us-west4/targetPools/load-balancer",
            "session_affinity": "NONE",
            "timeouts": null
          },
          "sensitive_attributes": [],
          "private": "eyJlMmJmYjczMC1lY2FhLTExZTYtOGY4OC0zNDM2M2JjN2M0YzAiOnsiY3JlYXRlIjoyNDAwMDAwMDAwMDAsImRlbGV0ZSI6MjQwMDAwMDAwMDAwLCJ1cGRhdGUiOjI0MDAwMDAwMDAwMH19",
          "dependencies": [
            "module.lb.google_compute_http_health_check.default"
          ]
        }
      ]
    }
  ],
  "check_results": null
}
